# THIS IS AN AUTOGENERATED FILE. DO NOT EDIT THIS FILE DIRECTLY.
# yarn lockfile v1


"@types/json-schema@^7.0.5":
  version "7.0.6"
  resolved "https://registry.yarnpkg.com/@types/json-schema/-/json-schema-7.0.6.tgz#f4c7ec43e81b319a9815115031709f26987891f0"
  integrity sha512-3c+yGKvVP5Y9TYBEibGNR+kLtijnj7mYrXRg+WpFb2X9xm04g/DXYkfg4hmzJQosc9snFNUPkbYIhu+KAm6jJw==

ajv-keywords@^3.5.2:
  version "3.5.2"
  resolved "https://registry.yarnpkg.com/ajv-keywords/-/ajv-keywords-3.5.2.tgz#31f29da5ab6e00d1c2d329acf7b5929614d5014d"
  integrity sha512-5p6WTN0DdTGVQk6VjcEju19IgaHudalcfabD7yhDGeA6bcQnmL+CpveLJq/3hvfwd1aof6L386Ougkx6RfyMIQ==

ajv@^6.12.4:
  version "6.12.4"
  resolved "https://registry.yarnpkg.com/ajv/-/ajv-6.12.4.tgz#0614facc4522127fa713445c6bfd3ebd376e2234"
  integrity sha512-eienB2c9qVQs2KWexhkrdMLVDoIQCz5KSeLxwg9Lzk4DOfBtIK9PQwwufcsn1jjGuf9WZmqPMbGxOzfcuphJCQ==
  dependencies:
    fast-deep-equal "^3.1.1"
    fast-json-stable-stringify "^2.0.0"
    json-schema-traverse "^0.4.1"
    uri-js "^4.2.2"

big.js@^5.2.2:
  version "5.2.2"
  resolved "https://registry.yarnpkg.com/big.js/-/big.js-5.2.2.tgz#65f0af382f578bcdc742bd9c281e9cb2d7768328"
  integrity sha512-vyL2OymJxmarO8gxMr0mhChsO9QGwhynfuu4+MHTAW6czfq9humCB7rKpUjDd9YUiDPU4mzpyupFSvOClAwbmQ==

emojis-list@^3.0.0:
  version "3.0.0"
  resolved "https://registry.yarnpkg.com/emojis-list/-/emojis-list-3.0.0.tgz#5570662046ad29e2e916e71aae260abdff4f6a78"
  integrity sha512-/kyM18EfinwXZbno9FyUGeFh87KC8HRQBQGildHZbEuRyWFOmv1U10o9BBp8XVZDVNNuQKyIGIu5ZYAAXJ0V2Q==

eventemitter3@^3.1.2:
  version "3.1.2"
  resolved "https://registry.yarnpkg.com/eventemitter3/-/eventemitter3-3.1.2.tgz#2d3d48f9c346698fce83a85d7d664e98535df6e7"
  integrity sha512-tvtQIeLVHjDkJYnzf2dgVMxfuSGJeM/7UCG17TT4EumTfNtF+0nebF/4zWOIkCreAbtNqhGEboB6BWrwqNaw4Q==

eventemitter3@^4.0.4:
  version "4.0.7"
  resolved "https://registry.yarnpkg.com/eventemitter3/-/eventemitter3-4.0.7.tgz#2de9b68f6528d5644ef5c59526a1b4a07306169f"
  integrity sha512-8guHBZCwKnFhYdHr2ysuRWErTwhoN2X8XELRlrRwpmfeY2jjuUN4taQMsULKUVo1K4DvZl+0pgfyoysHxvmvEw==

exports-loader@^1.1.0:
  version "1.1.0"
  resolved "https://registry.yarnpkg.com/exports-loader/-/exports-loader-1.1.0.tgz#26a16706e4cf533145de24c1419baf33b624fb5c"
  integrity sha512-zGB2SujiAyO0Rwn4GQ17/HlT8cwmT8abcBeZpr2R3sItJ5sI5Y9BzNzus3H9tH1iWLAoJLi9N3TP54D2+j859Q==
  dependencies:
    loader-utils "^2.0.0"
    schema-utils "^2.7.0"
    source-map "^0.6.1"

fast-deep-equal@^3.1.1:
  version "3.1.3"
  resolved "https://registry.yarnpkg.com/fast-deep-equal/-/fast-deep-equal-3.1.3.tgz#3a7d56b559d6cbc3eb512325244e619a65c6c525"
  integrity sha512-f3qQ9oQy9j2AhBe/H9VC91wLmKBCCU/gDOnKNAYG5hswO7BLKj09Hc5HYNz9cGI++xlpDCIgDaitVs03ATR84Q==

fast-json-stable-stringify@^2.0.0:
  version "2.1.0"
  resolved "https://registry.yarnpkg.com/fast-json-stable-stringify/-/fast-json-stable-stringify-2.1.0.tgz#874bf69c6f404c2b5d99c481341399fd55892633"
  integrity sha512-lhd/wF+Lk98HZoTCtlVraHtfh5XYijIjalXck7saUtuanSDyLMxnHhSXEDJqHxD7msR8D0uCmqlkwjCV8xvwHw==

imports-loader@^1.1.0:
  version "1.1.0"
  resolved "https://registry.yarnpkg.com/imports-loader/-/imports-loader-1.1.0.tgz#1c3a388d0c5cd7f9eb08f3646d4aae3b70e57933"
  integrity sha512-HcPM6rULdQ6EBLVq+5O+CF9xb7qiUjsRm6V28bTG/c3IU5sQkVZzUDwYY0r4jHvSAmVFdO9WA/vLAURR5WQSeQ==
  dependencies:
    loader-utils "^2.0.0"
    schema-utils "^2.7.0"
    source-map "^0.6.1"
    strip-comments "^2.0.1"

inherits@2.0.3:
  version "2.0.3"
  resolved "https://registry.yarnpkg.com/inherits/-/inherits-2.0.3.tgz#633c2c83e3da42a502f52466022480f4208261de"
  integrity sha1-Yzwsg+PaQqUC9SRmAiSA9CCCYd4=

inkjs@^1.11.0:
  version "1.11.0"
  resolved "https://registry.yarnpkg.com/inkjs/-/inkjs-1.11.0.tgz#4293cd843371c147b75968760d1a03525e740763"
  integrity sha512-mfXi2118gai0vp7ME8m1l0+rv66KDQlc3jXhfL4vryYVR+BhmxKAvs21N1O4qoUtvZ9fYrGJe5TJ0Smf3giSfQ==

json-schema-traverse@^0.4.1:
  version "0.4.1"
  resolved "https://registry.yarnpkg.com/json-schema-traverse/-/json-schema-traverse-0.4.1.tgz#69f6a87d9513ab8bb8fe63bdb0979c448e684660"
  integrity sha512-xbbCH5dCYU5T8LcEhhuh7HJ88HXuW3qsI3Y0zOZFKfZEHcpWiHU/Jxzk629Brsab/mMiHQti9wMP+845RPe3Vg==

json5@^2.1.2:
  version "2.1.3"
  resolved "https://registry.yarnpkg.com/json5/-/json5-2.1.3.tgz#c9b0f7fa9233bfe5807fe66fcf3a5617ed597d43"
  integrity sha512-KXPvOm8K9IJKFM0bmdn8QXh7udDh1g/giieX0NLCaMnb4hEiVFqnop2ImTXCc5e0/oHz3LTqmHGtExn5hfMkOA==
  dependencies:
    minimist "^1.2.5"

loader-utils@^2.0.0:
  version "2.0.0"
  resolved "https://registry.yarnpkg.com/loader-utils/-/loader-utils-2.0.0.tgz#e4cace5b816d425a166b5f097e10cd12b36064b0"
  integrity sha512-rP4F0h2RaWSvPEkD7BLDFQnvSf+nK+wr3ESUjNTyAGobqrijmW92zc+SO6d4p4B1wh7+B/Jg1mkQe5NYUEHtHQ==
  dependencies:
    big.js "^5.2.2"
    emojis-list "^3.0.0"
    json5 "^2.1.2"

lokijs@^1.5.9:
  version "1.5.11"
  resolved "https://registry.yarnpkg.com/lokijs/-/lokijs-1.5.11.tgz#2b2ea82ec66050e4b112c6cfc588dac22d362b13"
  integrity sha512-YYyuBPxMn/oS0tFznQDbIX5XL1ltMcwFqCboDr8voYE4VCDzR5vAsrvQDhlnua4lBeqMqHmLvUXRTmRUzUKH1Q==

minimist@^1.2.5:
  version "1.2.5"
  resolved "https://registry.yarnpkg.com/minimist/-/minimist-1.2.5.tgz#67d66014b66a6a8aaa0c083c5fd58df4e4e97602"
  integrity sha512-FM9nNUYrRBAELZQT3xeZQ7fmMOBg6nWNmJKTcgsJeaLstP/UODVpGsr5OhXhhXg6f+qtJ8uiZ+PUxkDWcgIXLw==

papaparse@^5.2.0:
  version "5.3.0"
  resolved "https://registry.yarnpkg.com/papaparse/-/papaparse-5.3.0.tgz#ab1702feb96e79ab4309652f36db9536563ad05a"
  integrity sha512-Lb7jN/4bTpiuGPrYy4tkKoUS8sTki8zacB5ke1p5zolhcSE4TlWgrlsxjrDTbG/dFVh07ck7X36hUf/b5V68pg==

path@^0.12.7:
  version "0.12.7"
  resolved "https://registry.yarnpkg.com/path/-/path-0.12.7.tgz#d4dc2a506c4ce2197eb481ebfcd5b36c0140b10f"
  integrity sha1-1NwqUGxM4hl+tIHr/NWzbAFAsQ8=
  dependencies:
    process "^0.11.1"
    util "^0.10.3"

phaser3-rex-plugins@^1.1.25:
  version "1.1.25"
  resolved "https://registry.yarnpkg.com/phaser3-rex-plugins/-/phaser3-rex-plugins-1.1.25.tgz#3614c6d7521cca3f0ebc19ff22e52020234fb961"
  integrity sha512-9LTBbmbV/H859kfNsBuMJ2nNYiEe7cxufbkN5Vj2HDFTJbJhCen8AqZu2Q+khqD5thkfED/VoNYY+sqbYy25qA==
  dependencies:
    eventemitter3 "^3.1.2"
    lokijs "^1.5.9"
    papaparse "^5.2.0"
    webfontloader "^1.6.28"

phaser@^3.24.1:
  version "3.24.1"
  resolved "https://registry.yarnpkg.com/phaser/-/phaser-3.24.1.tgz#376e0c965d2a35af37c06ee78627dafbde5be017"
  integrity sha512-WbrRMkbpEzarkfrq83akeauc6b8xNxsOTpDygyW7wrU2G2ne6kOYu3hji4UAaGnZaOLrVuj8ycYPjX9P1LxcDw==
  dependencies:
    eventemitter3 "^4.0.4"
    exports-loader "^1.1.0"
    imports-loader "^1.1.0"
    path "^0.12.7"

process@^0.11.1:
  version "0.11.10"
  resolved "https://registry.yarnpkg.com/process/-/process-0.11.10.tgz#7332300e840161bda3e69a1d1d91a7d4bc16f182"
  integrity sha1-czIwDoQBYb2j5podHZGn1LwW8YI=

punycode@^2.1.0:
  version "2.1.1"
  resolved "https://registry.yarnpkg.com/punycode/-/punycode-2.1.1.tgz#b58b010ac40c22c5657616c8d2c2c02c7bf479ec"
  integrity sha512-XRsRjdf+j5ml+y/6GKHPZbrF/8p2Yga0JPtdqTIY2Xe5ohJPD9saDJJLPvp9+NSBprVvevdXZybnj2cv8OEd0A==

schema-utils@^2.7.0:
  version "2.7.1"
  resolved "https://registry.yarnpkg.com/schema-utils/-/schema-utils-2.7.1.tgz#1ca4f32d1b24c590c203b8e7a50bf0ea4cd394d7"
  integrity sha512-SHiNtMOUGWBQJwzISiVYKu82GiV4QYGePp3odlY1tuKO7gPtphAT5R/py0fA6xtbgLL/RvtJZnU9b8s0F1q0Xg==
  dependencies:
    "@types/json-schema" "^7.0.5"
    ajv "^6.12.4"
    ajv-keywords "^3.5.2"

source-map@^0.6.1:
  version "0.6.1"
  resolved "https://registry.yarnpkg.com/source-map/-/source-map-0.6.1.tgz#74722af32e9614e9c287a8d0bbde48b5e2f1a263"
  integrity sha512-UjgapumWlbMhkBgzT7Ykc5YXUT46F0iKu8SGXq0bcwP5dz/h0Plj6enJqjz1Zbq2l5WaqYnrVbwWOWMyF3F47g==

strip-comments@^2.0.1:
  version "2.0.1"
  resolved "https://registry.yarnpkg.com/strip-comments/-/strip-comments-2.0.1.tgz#4ad11c3fbcac177a67a40ac224ca339ca1c1ba9b"
  integrity sha512-ZprKx+bBLXv067WTCALv8SSz5l2+XhpYCsVtSqlMnkAXMWDq+/ekVbl1ghqP9rUHTzv6sm/DwCOiYutU/yp1fw==

uri-js@^4.2.2:
  version "4.4.0"
  resolved "https://registry.yarnpkg.com/uri-js/-/uri-js-4.4.0.tgz#aa714261de793e8a82347a7bcc9ce74e86f28602"
  integrity sha512-B0yRTzYdUCCn9n+F4+Gh4yIDtMQcaJsmYBDsTSG8g/OejKBodLQ2IHfN3bM7jUsRXndopT7OIXWdYqc1fjmV6g==
  dependencies:
    punycode "^2.1.0"

util@^0.10.3:
  version "0.10.4"
  resolved "https://registry.yarnpkg.com/util/-/util-0.10.4.tgz#3aa0125bfe668a4672de58857d3ace27ecb76901"
  integrity sha512-0Pm9hTQ3se5ll1XihRic3FDIku70C+iHUdT/W926rSgHV5QgXsYbKZN8MSC3tJtSkhuROzvsQjAaFENRXr+19A==
  dependencies:
    inherits "2.0.3"

webfontloader@^1.6.28:
  version "1.6.28"
  resolved "https://registry.yarnpkg.com/webfontloader/-/webfontloader-1.6.28.tgz#db786129253cb6e8eae54c2fb05f870af6675bae"
  integrity sha1-23hhKSU8tujq5UwvsF+HCvZnW64=
